{
  "requires": true,
  "lockfileVersion": 1,
  "dependencies": {
    "@babel/runtime": {
      "version": "7.5.1",
      "resolved": "https://registry.npmjs.org/@babel/runtime/-/runtime-7.5.1.tgz",
      "integrity": "sha512-g+hmPKs16iewFSmW57NkH9xpPkuYD1RV3UE2BCkXx9j+nhhRb9hsiSxPmEa67j35IecTQdn4iyMtHMbt5VoREg==",
      "requires": {
        "regenerator-runtime": "^0.13.2"
      }
    },
    "@deck.gl/aggregation-layers": {
      "version": "7.1.7",
      "resolved": "https://registry.npmjs.org/@deck.gl/aggregation-layers/-/aggregation-layers-7.1.7.tgz",
      "integrity": "sha512-ThLqT2bHYzDbdmzeAj7iKQXTYTmm0UsVXjRme4Nl9xq7EnD+gv5F1vN5lLmkDgJyPnb25aj0BFYXoGEXkSkJ9w==",
      "requires": {
        "d3-hexbin": "^0.2.1"
      }
    },
    "@deck.gl/core": {
      "version": "7.1.7",
      "resolved": "https://registry.npmjs.org/@deck.gl/core/-/core-7.1.7.tgz",
      "integrity": "sha512-URJm4w40Yr0eP2uxxrJ85NHGGNR5Rpeffqbol+7WcvtEFIJTwxHQBkoE0g2pRp6sVsoY0mI08LwCSxm31qlxeQ==",
      "requires": {
        "@luma.gl/core": "^7.1.0",
        "gl-matrix": "^3.0.0",
        "math.gl": "^2.3.0",
        "mjolnir.js": "^2.1.2",
        "probe.gl": "^3.0.1",
        "seer": "^0.2.4",
        "viewport-mercator-project": "^6.1.0"
      }
    },
    "@deck.gl/geo-layers": {
      "version": "7.1.7",
      "resolved": "https://registry.npmjs.org/@deck.gl/geo-layers/-/geo-layers-7.1.7.tgz",
      "integrity": "sha512-ZslgxBYls0zn8cR9rMnFtjN7Tfkv5ZtbthlxSwpPvFPps40FkCotmD4W8/WZywyLkG1d2+6bp0aDWemA9qYDDA==",
      "requires": {
        "h3-js": "^3.4.3",
        "long": "^3.2.0",
        "s2-geometry": "^1.2.10"
      }
    },
    "@deck.gl/google-maps": {
      "version": "7.1.7",
      "resolved": "https://registry.npmjs.org/@deck.gl/google-maps/-/google-maps-7.1.7.tgz",
      "integrity": "sha512-wprrYOvuH3jmdN1DdGWUi0iMQUZBYROfVJOsZWcD0Qnd3wM915Fz/tvyJtnuSQz9k1djLM1/vcdlrqxfmPgtJQ=="
    },
    "@deck.gl/json": {
      "version": "7.1.7",
      "resolved": "https://registry.npmjs.org/@deck.gl/json/-/json-7.1.7.tgz",
      "integrity": "sha512-3Djsl/JoTQR9eRN6eU8xaBhBugFgHFrzdKGgrpTE12I8eoTF0lCvvFcWyxnikA6B1ZeUuSkOcLS2X5WgOcYyXg==",
      "requires": {
        "d3-dsv": "^1.0.8"
      }
    },
    "@deck.gl/layers": {
      "version": "7.1.7",
      "resolved": "https://registry.npmjs.org/@deck.gl/layers/-/layers-7.1.7.tgz",
      "integrity": "sha512-UF5dwJzA7xES4sxH7Xcmx//UoC1JnA9DG0/Yd/JcpOBNCZwC4rpY0jF0jyIoIENBTX6D6SI3eTO0kLOvOAI3cA==",
      "requires": {
        "@loaders.gl/core": "^1.0.3",
        "@loaders.gl/images": "^1.0.3",
        "@mapbox/tiny-sdf": "^1.1.0",
        "earcut": "^2.0.6"
      }
    },
    "@deck.gl/mapbox": {
      "version": "7.1.7",
      "resolved": "https://registry.npmjs.org/@deck.gl/mapbox/-/mapbox-7.1.7.tgz",
      "integrity": "sha512-RIB15EiNeH0nH+VPQk8h54BHTHN72//VH4XCXvs/ZajXDIZRhi7QFUB1Xje21EmqwvPgjarBAAZH2pZk0TVJwQ=="
    },
    "@deck.gl/mesh-layers": {
      "version": "7.1.7",
      "resolved": "https://registry.npmjs.org/@deck.gl/mesh-layers/-/mesh-layers-7.1.7.tgz",
      "integrity": "sha512-PePFYFgV1od5KntgEgwm+xxf8s4lLnbSPD1P0UZM2v/QsT4C4koLvGjJ+ml6Mbn2WwIgcGrin0j++jQXxooYmg==",
      "requires": {
        "@loaders.gl/core": "^1.0.3",
        "@loaders.gl/images": "^1.0.3"
      }
    },
    "@deck.gl/react": {
      "version": "7.1.7",
      "resolved": "https://registry.npmjs.org/@deck.gl/react/-/react-7.1.7.tgz",
      "integrity": "sha512-5MXjaMyplQ0h2nDHCBCneo2bMld5M0+uWSw2uSdHwa3GQ1eHnhjGgpSRYouT81ZUWPlPfR/b5oha8/p7SS+ubQ==",
      "requires": {
        "prop-types": "^15.6.0"
      }
    },
    "@loaders.gl/core": {
      "version": "1.1.6",
      "resolved": "https://registry.npmjs.org/@loaders.gl/core/-/core-1.1.6.tgz",
      "integrity": "sha512-/byPhredVzkxAMVR8CAaD8uzB72p6/pWAmgkvZmDeI7dHrCiQGt59EolmTJoQ5c50FMAFKQ75tidXor7D+fObA==",
      "requires": {
        "@babel/runtime": "^7.3.1"
      }
    },
    "@loaders.gl/images": {
      "version": "1.1.6",
      "resolved": "https://registry.npmjs.org/@loaders.gl/images/-/images-1.1.6.tgz",
      "integrity": "sha512-Ad63Uj0VGzmA71ucThnyc+VYsJJKZqYKkmANsQDDFe8p9UiR8JaI8DNLTJCfEtusyl5KVBWzWIdqXGPoT2uLWA=="
    },
    "@luma.gl/constants": {
      "version": "7.1.1",
      "resolved": "https://registry.npmjs.org/@luma.gl/constants/-/constants-7.1.1.tgz",
      "integrity": "sha512-F+lkZzMJNPvGeTCkOezyHafAb48ottMx10PYx3j1rsKFBM2v1LgBHnV1I37xjkrx8PMhdb/2zMg80nRrniudGw=="
    },
    "@luma.gl/core": {
      "version": "7.1.1",
      "resolved": "https://registry.npmjs.org/@luma.gl/core/-/core-7.1.1.tgz",
      "integrity": "sha512-C39SmKXiDLyACnYXe5d09Gwh5f011xkNQ8RsE6ffWVGCTWIIb9rK9z1g0L6JuViV/xmWco/sO1SdMQ8uLjC8Zw==",
      "requires": {
        "@babel/runtime": "^7.0.0",
        "@luma.gl/constants": "7.1.1",
        "@luma.gl/shadertools": "7.1.1",
        "@luma.gl/webgl": "7.1.1",
        "@luma.gl/webgl-state-tracker": "7.1.1",
        "@luma.gl/webgl2-polyfill": "7.1.1",
        "math.gl": "^2.3.0",
        "probe.gl": "^3.0.2",
        "seer": "^0.2.4"
      }
    },
    "@luma.gl/shadertools": {
      "version": "7.1.1",
      "resolved": "https://registry.npmjs.org/@luma.gl/shadertools/-/shadertools-7.1.1.tgz",
      "integrity": "sha512-Mr+6LiMUGfnrD9wYEQBa51Far3G33wxNXbl6kGHq4wgyewlpAHPfTuzqLig2o44G7VvGm/BCCAjvr6yXeluUIw==",
      "requires": {
        "@babel/runtime": "^7.0.0",
        "math.gl": "^2.3.0"
      }
    },
    "@luma.gl/webgl": {
      "version": "7.1.1",
      "resolved": "https://registry.npmjs.org/@luma.gl/webgl/-/webgl-7.1.1.tgz",
      "integrity": "sha512-2FkkSFdsE6TeA5dTez/pz44rQEoe8dAmyF+z2jsIrHWtIS+pW16L6R/iGwmwqGrEWgYbFkhihrHI21teNM633g==",
      "requires": {
        "@babel/runtime": "^7.0.0",
        "@luma.gl/constants": "7.1.1",
        "@luma.gl/webgl-state-tracker": "7.1.1",
        "@luma.gl/webgl2-polyfill": "7.1.1",
        "probe.gl": "^3.0.2"
      }
    },
    "@luma.gl/webgl-state-tracker": {
      "version": "7.1.1",
      "resolved": "https://registry.npmjs.org/@luma.gl/webgl-state-tracker/-/webgl-state-tracker-7.1.1.tgz",
      "integrity": "sha512-eF63OgMwkt9+XKH9LZ/SIzsZDZiLISfc+jNvRKmT1UyKbxQLJ99V8D9d6tF8GFAl1/0To3d4hdTce2HmjwhXsg==",
      "requires": {
        "@babel/runtime": "^7.0.0",
        "@luma.gl/constants": "7.1.1"
      }
    },
    "@luma.gl/webgl2-polyfill": {
      "version": "7.1.1",
      "resolved": "https://registry.npmjs.org/@luma.gl/webgl2-polyfill/-/webgl2-polyfill-7.1.1.tgz",
      "integrity": "sha512-UJxDVG4tojuStNi43ERxFiojgkTHi5ScbuL0Msr8id7X7L9UmeCiQ4H6p9m002yy5swCsJlWg/Y8oEtUA5jhqw==",
      "requires": {
        "@babel/runtime": "^7.0.0",
        "@luma.gl/constants": "7.1.1"
      }
    },
    "@mapbox/tiny-sdf": {
      "version": "1.1.1",
      "resolved": "https://registry.npmjs.org/@mapbox/tiny-sdf/-/tiny-sdf-1.1.1.tgz",
      "integrity": "sha512-Ihn1nZcGIswJ5XGbgFAvVumOgWpvIjBX9jiRlIl46uQG9vJOF51ViBYHF95rEZupuyQbEmhLaDPLQlU7fUTsBg=="
    },
    "commander": {
      "version": "2.20.0",
      "resolved": "https://registry.npmjs.org/commander/-/commander-2.20.0.tgz",
      "integrity": "sha512-7j2y+40w61zy6YC2iRNpUe/NwhNyoXrYpHMrSunaMG64nRnaf96zO/KMQR4OyN/UnE5KLyEBnKHd4aG3rskjpQ=="
    },
    "d3-dsv": {
      "version": "1.1.1",
      "resolved": "https://registry.npmjs.org/d3-dsv/-/d3-dsv-1.1.1.tgz",
      "integrity": "sha512-1EH1oRGSkeDUlDRbhsFytAXU6cAmXFzc52YUe6MRlPClmWb85MP1J5x+YJRzya4ynZWnbELdSAvATFW/MbxaXw==",
      "requires": {
        "commander": "2",
        "iconv-lite": "0.4",
        "rw": "1"
      }
    },
    "d3-hexbin": {
      "version": "0.2.2",
      "resolved": "https://registry.npmjs.org/d3-hexbin/-/d3-hexbin-0.2.2.tgz",
      "integrity": "sha1-nFg32s/UcasFM3qeke8Qv8T5iDE="
    },
    "deck.gl": {
      "version": "7.1.7",
      "resolved": "https://registry.npmjs.org/deck.gl/-/deck.gl-7.1.7.tgz",
      "integrity": "sha512-yiIlzCd8uoYtRnxMp5caEcINlkbEd/DLN3q8g92TCFeqyJG8RIDBkc2OX1gnuLvfem10C8SpAEEL827h6xXiOQ==",
      "requires": {
        "@deck.gl/aggregation-layers": "7.1.7",
        "@deck.gl/core": "7.1.7",
        "@deck.gl/geo-layers": "7.1.7",
        "@deck.gl/google-maps": "7.1.7",
        "@deck.gl/json": "7.1.7",
        "@deck.gl/layers": "7.1.7",
        "@deck.gl/mapbox": "7.1.7",
        "@deck.gl/mesh-layers": "7.1.7",
        "@deck.gl/react": "7.1.7"
      }
    },
    "earcut": {
      "version": "2.1.5",
      "resolved": "https://registry.npmjs.org/earcut/-/earcut-2.1.5.tgz",
      "integrity": "sha512-QFWC7ywTVLtvRAJTVp8ugsuuGQ5mVqNmJ1cRYeLrSHgP3nycr2RHTJob9OtM0v8ujuoKN0NY1a93J/omeTL1PA=="
    },
    "gl-matrix": {
      "version": "3.0.0",
      "resolved": "https://registry.npmjs.org/gl-matrix/-/gl-matrix-3.0.0.tgz",
      "integrity": "sha512-PD4mVH/C/Zs64kOozeFnKY8ybhgwxXXQYGWdB4h68krAHknWJgk9uKOn6z8YElh5//vs++90pb6csrTIDWnexA=="
    },
    "h3-js": {
      "version": "3.4.3",
      "resolved": "https://registry.npmjs.org/h3-js/-/h3-js-3.4.3.tgz",
      "integrity": "sha512-rr+kkErW7DqDlFN1KikjjDEurQxaPb0dJHpcijSzr+/WDjMYK7F9/Qr412HNSG5BkbG8XXK9CbPHVjDI85GYUA=="
    },
    "hammerjs": {
      "version": "2.0.8",
      "resolved": "https://registry.npmjs.org/hammerjs/-/hammerjs-2.0.8.tgz",
      "integrity": "sha1-BO93hiz/K7edMPdpIJWTAiK/YPE="
    },
    "iconv-lite": {
      "version": "0.4.24",
      "resolved": "https://registry.npmjs.org/iconv-lite/-/iconv-lite-0.4.24.tgz",
      "integrity": "sha512-v3MXnZAcvnywkTUEZomIActle7RXXeedOR31wwl7VlyoXO4Qi9arvSenNQWne1TcRwhCL1HwLI21bEqdpj8/rA==",
      "requires": {
        "safer-buffer": ">= 2.1.2 < 3"
      }
    },
    "js-tokens": {
      "version": "4.0.0",
      "resolved": "https://registry.npmjs.org/js-tokens/-/js-tokens-4.0.0.tgz",
      "integrity": "sha512-RdJUflcE3cUzKiMqQgsCu06FPu9UdIJO0beYbPhHN4k6apgJtifcoCtT9bcxOpYBtpD2kCM6Sbzg4CausW/PKQ=="
    },
    "long": {
      "version": "3.2.0",
      "resolved": "https://registry.npmjs.org/long/-/long-3.2.0.tgz",
      "integrity": "sha1-2CG3E4yhy1gcFymQ7xTbIAtcR0s="
    },
    "loose-envify": {
      "version": "1.4.0",
      "resolved": "https://registry.npmjs.org/loose-envify/-/loose-envify-1.4.0.tgz",
      "integrity": "sha512-lyuxPGr/Wfhrlem2CL/UcnUc1zcqKAImBDzukY7Y5F/yQiNdko6+fRLevlw1HgMySw7f611UIY408EtxRSoK3Q==",
      "requires": {
        "js-tokens": "^3.0.0 || ^4.0.0"
      }
    },
    "math.gl": {
      "version": "2.3.3",
      "resolved": "https://registry.npmjs.org/math.gl/-/math.gl-2.3.3.tgz",
      "integrity": "sha512-wZhx7574KHUpJVMzkaQ559zfn3R8iB0BOilwNrfL/fOLQfPo2TPWsKX96PdfS4svKA2XIGi3yfizrv2Redcv0g==",
      "requires": {
        "@babel/runtime": "^7.0.0",
        "gl-matrix": "^3.0.0"
      }
    },
    "mjolnir.js": {
      "version": "2.1.2",
      "resolved": "https://registry.npmjs.org/mjolnir.js/-/mjolnir.js-2.1.2.tgz",
      "integrity": "sha512-OjvkNzTCdJd/I7XxgIomNozYS6me6OWY+t8I6SZlINaFmNmgAW3I5x+Hd8sgA+WxAjFvBf576lD7N1MGo89/WA==",
      "requires": {
        "@babel/runtime": "^7.0.0",
        "hammerjs": "^2.0.8"
      }
    },
    "object-assign": {
      "version": "4.1.1",
      "resolved": "https://registry.npmjs.org/object-assign/-/object-assign-4.1.1.tgz",
      "integrity": "sha1-IQmtx5ZYh8/AXLvUQsrIv7s2CGM="
    },
    "probe.gl": {
      "version": "3.0.3",
      "resolved": "https://registry.npmjs.org/probe.gl/-/probe.gl-3.0.3.tgz",
      "integrity": "sha512-nkE+rh4m2JRQqorW327X7rVogknVmNvgrtcDG4F3OxckAIHSi4l/PUPy6GVaI6PIUJC7CYx4WYwcdgh4RUJe7A==",
      "requires": {
        "@babel/runtime": "^7.0.0"
      }
    },
    "prop-types": {
      "version": "15.7.2",
      "resolved": "https://registry.npmjs.org/prop-types/-/prop-types-15.7.2.tgz",
      "integrity": "sha512-8QQikdH7//R2vurIJSutZ1smHYTcLpRWEOlHnzcWHmBYrOGUysKwSsrC89BCiFj3CbrfJ/nXFdJepOVrY1GCHQ==",
      "requires": {
        "loose-envify": "^1.4.0",
        "object-assign": "^4.1.1",
        "react-is": "^16.8.1"
      }
    },
    "react": {
      "version": "16.8.6",
      "resolved": "https://registry.npmjs.org/react/-/react-16.8.6.tgz",
      "integrity": "sha512-pC0uMkhLaHm11ZSJULfOBqV4tIZkx87ZLvbbQYunNixAAvjnC+snJCg0XQXn9VIsttVsbZP/H/ewzgsd5fxKXw==",
      "requires": {
        "loose-envify": "^1.1.0",
        "object-assign": "^4.1.1",
        "prop-types": "^15.6.2",
        "scheduler": "^0.13.6"
      }
    },
    "react-is": {
      "version": "16.8.6",
      "resolved": "https://registry.npmjs.org/react-is/-/react-is-16.8.6.tgz",
      "integrity": "sha512-aUk3bHfZ2bRSVFFbbeVS4i+lNPZr3/WM5jT2J5omUVV1zzcs1nAaf3l51ctA5FFvCRbhrH0bdAsRRQddFJZPtA=="
    },
    "regenerator-runtime": {
      "version": "0.13.2",
      "resolved": "https://registry.npmjs.org/regenerator-runtime/-/regenerator-runtime-0.13.2.tgz",
      "integrity": "sha512-S/TQAZJO+D3m9xeN1WTI8dLKBBiRgXBlTJvbWjCThHWZj9EvHK70Ff50/tYj2J/fvBY6JtFVwRuazHN2E7M9BA=="
    },
    "rw": {
      "version": "1.3.3",
      "resolved": "https://registry.npmjs.org/rw/-/rw-1.3.3.tgz",
      "integrity": "sha1-P4Yt+pGrdmsUiF700BEkv9oHT7Q="
    },
    "s2-geometry": {
      "version": "1.2.10",
      "resolved": "https://registry.npmjs.org/s2-geometry/-/s2-geometry-1.2.10.tgz",
      "integrity": "sha1-xv8i8+zK/Q7qSRtgtEwUG5iHrKs=",
      "requires": {
        "long": "^3.2.0"
      }
    },
    "safer-buffer": {
      "version": "2.1.2",
      "resolved": "https://registry.npmjs.org/safer-buffer/-/safer-buffer-2.1.2.tgz",
      "integrity": "sha512-YZo3K82SD7Riyi0E1EQPojLz7kpepnSQI9IyPbHHg1XXXevb5dJI7tpyN2ADxGcQbHG7vcyRHk0cbwqcQriUtg=="
    },
    "scheduler": {
      "version": "0.13.6",
      "resolved": "https://registry.npmjs.org/scheduler/-/scheduler-0.13.6.tgz",
      "integrity": "sha512-IWnObHt413ucAYKsD9J1QShUKkbKLQQHdxRyw73sw4FN26iWr3DY/H34xGPe4nmL1DwXyWmSWmMrA9TfQbE/XQ==",
      "requires": {
        "loose-envify": "^1.1.0",
        "object-assign": "^4.1.1"
      }
    },
    "seer": {
      "version": "0.2.5",
      "resolved": "https://registry.npmjs.org/seer/-/seer-0.2.5.tgz",
      "integrity": "sha512-//0Zwt0x97KQhIWrp4oq9AVNvGA2ctCx4dmFddpkORjRr6bW+hyC8eOhWBVIhiU3uHv1XLU1dekfFKOi28RGHA=="
    },
    "viewport-mercator-project": {
      "version": "6.1.1",
      "resolved": "https://registry.npmjs.org/viewport-mercator-project/-/viewport-mercator-project-6.1.1.tgz",
      "integrity": "sha512-nI0GEmXnESwZxWSJuaQkdCnvOv6yckUfqqFbNB8KWVbQY3eUExVM4ZziqCVVs5mNznLjDF1auj6HLW5D5DKcng==",
      "requires": {
        "@babel/runtime": "^7.0.0",
        "gl-matrix": "^3.0.0"
      }
    }
  }
}
